
Microsoft Visual Studio Solution File, Format Version 12.00
# Visual Studio Version 16
VisualStudioVersion = 16.0.34031.81
MinimumVisualStudioVersion = 10.0.40219.1
Project("{FAE04EC0-301F-11D3-BF4B-00C04F79EFBC}") = "DE1", "DE1\DE1.csproj", "{2D1A489D-0642-4257-9C8B-B561EA4F3D03}"
EndProject
Global
	GlobalSection(SolutionConfigurationPlatforms) = preSolution
		Debug|Any CPU = Debug|Any CPU
		Release|Any CPU = Release|Any CPU
	EndGlobalSection
	GlobalSection(ProjectConfigurationPlatforms) = postSolution
		{2D1A489D-0642-4257-9C8B-B561EA4F3D03}.Debug|Any CPU.ActiveCfg = Debug|Any CPU
		{2D1A489D-0642-4257-9C8B-B561EA4F3D03}.Debug|Any CPU.Build.0 = Debug|Any CPU
		{2D1A489D-0642-4257-9C8B-B561EA4F3D03}.Release|Any CPU.ActiveCfg = Release|Any CPU
		{2D1A489D-0642-4257-9C8B-B561EA4F3D03}.Release|Any CPU.Build.0 = Release|Any CPU
	EndGlobalSection
	GlobalSection(SolutionProperties) = preSolution
		HideSolutionNode = FALSE
	EndGlobalSection
	GlobalSection(ExtensibilityGlobals) = postSolution
		SolutionGuid = {177BE09E-7F3F-4998-AD74-E7CCF25884BC}
	EndGlobalSection
EndGlobal
